
Microsoft Visual Studio Solution File, Format Version 12.00
# Visual Studio Version 17
VisualStudioVersion = 17.0.31903.59
MinimumVisualStudioVersion = 10.0.40219.1
Project("{2150E333-8FDC-42A3-9474-1A3956D46DE8}") = "src", "src", "{1B36352A-BF19-4DC8-9F8D-5D67A36A4DF6}"
EndProject
Project("{FAE04EC0-301F-11D3-BF4B-00C04F79EFBC}") = "IdentityServer", "src\IdentityServer\IdentityServer.csproj", "{5326661F-8B20-4119-AF89-724F70E460C7}"
EndProject
Project("{FAE04EC0-301F-11D3-BF4B-00C04F79EFBC}") = "Api", "src\Api\Api.csproj", "{C8FC43A4-AE0B-4124-8D50-616CDFEC28F8}"
EndProject
Project("{FAE04EC0-301F-11D3-BF4B-00C04F79EFBC}") = "Client", "src\Client\Client.csproj", "{54A3B08A-B094-4A6F-AAD8-821E19502E34}"
EndProject
Project("{FAE04EC0-301F-11D3-BF4B-00C04F79EFBC}") = "MvcClient", "src\MvcClient\MvcClient.csproj", "{06E9B830-0E97-4CBE-8001-96B3AC1678B8}"
EndProject
Global
	GlobalSection(SolutionConfigurationPlatforms) = preSolution
		Debug|Any CPU = Debug|Any CPU
		Release|Any CPU = Release|Any CPU
	EndGlobalSection
	GlobalSection(SolutionProperties) = preSolution
		HideSolutionNode = FALSE
	EndGlobalSection
	GlobalSection(ProjectConfigurationPlatforms) = postSolution
		{5326661F-8B20-4119-AF89-724F70E460C7}.Debug|Any CPU.ActiveCfg = Debug|Any CPU
		{5326661F-8B20-4119-AF89-724F70E460C7}.Debug|Any CPU.Build.0 = Debug|Any CPU
		{5326661F-8B20-4119-AF89-724F70E460C7}.Release|Any CPU.ActiveCfg = Release|Any CPU
		{5326661F-8B20-4119-AF89-724F70E460C7}.Release|Any CPU.Build.0 = Release|Any CPU
		{C8FC43A4-AE0B-4124-8D50-616CDFEC28F8}.Debug|Any CPU.ActiveCfg = Debug|Any CPU
		{C8FC43A4-AE0B-4124-8D50-616CDFEC28F8}.Debug|Any CPU.Build.0 = Debug|Any CPU
		{C8FC43A4-AE0B-4124-8D50-616CDFEC28F8}.Release|Any CPU.ActiveCfg = Release|Any CPU
		{C8FC43A4-AE0B-4124-8D50-616CDFEC28F8}.Release|Any CPU.Build.0 = Release|Any CPU
		{54A3B08A-B094-4A6F-AAD8-821E19502E34}.Debug|Any CPU.ActiveCfg = Debug|Any CPU
		{54A3B08A-B094-4A6F-AAD8-821E19502E34}.Debug|Any CPU.Build.0 = Debug|Any CPU
		{54A3B08A-B094-4A6F-AAD8-821E19502E34}.Release|Any CPU.ActiveCfg = Release|Any CPU
		{54A3B08A-B094-4A6F-AAD8-821E19502E34}.Release|Any CPU.Build.0 = Release|Any CPU
		{06E9B830-0E97-4CBE-8001-96B3AC1678B8}.Debug|Any CPU.ActiveCfg = Debug|Any CPU
		{06E9B830-0E97-4CBE-8001-96B3AC1678B8}.Debug|Any CPU.Build.0 = Debug|Any CPU
		{06E9B830-0E97-4CBE-8001-96B3AC1678B8}.Release|Any CPU.ActiveCfg = Release|Any CPU
		{06E9B830-0E97-4CBE-8001-96B3AC1678B8}.Release|Any CPU.Build.0 = Release|Any CPU
	EndGlobalSection
	GlobalSection(NestedProjects) = preSolution
		{5326661F-8B20-4119-AF89-724F70E460C7} = {1B36352A-BF19-4DC8-9F8D-5D67A36A4DF6}
		{C8FC43A4-AE0B-4124-8D50-616CDFEC28F8} = {1B36352A-BF19-4DC8-9F8D-5D67A36A4DF6}
		{54A3B08A-B094-4A6F-AAD8-821E19502E34} = {1B36352A-BF19-4DC8-9F8D-5D67A36A4DF6}
		{06E9B830-0E97-4CBE-8001-96B3AC1678B8} = {1B36352A-BF19-4DC8-9F8D-5D67A36A4DF6}
	EndGlobalSection
EndGlobal
